
Microsoft Visual Studio Solution File, Format Version 12.00
# Visual Studio Version 16
VisualStudioVersion = 16.0.29709.97
MinimumVisualStudioVersion = 10.0.40219.1
Project("{FAE04EC0-301F-11D3-BF4B-00C04F79EFBC}") = "MonthlyChallenge12-20", "MonthlyChallenge12-20\MonthlyChallenge12-20.csproj", "{2390E752-BC77-4D03-8407-112BFBF29D9B}"
EndProject
Global
	GlobalSection(SolutionConfigurationPlatforms) = preSolution
		Debug|Any CPU = Debug|Any CPU
		Release|Any CPU = Release|Any CPU
	EndGlobalSection
	GlobalSection(ProjectConfigurationPlatforms) = postSolution
		{2390E752-BC77-4D03-8407-112BFBF29D9B}.Debug|Any CPU.ActiveCfg = Debug|Any CPU
		{2390E752-BC77-4D03-8407-112BFBF29D9B}.Debug|Any CPU.Build.0 = Debug|Any CPU
		{2390E752-BC77-4D03-8407-112BFBF29D9B}.Release|Any CPU.ActiveCfg = Release|Any CPU
		{2390E752-BC77-4D03-8407-112BFBF29D9B}.Release|Any CPU.Build.0 = Release|Any CPU
	EndGlobalSection
	GlobalSection(SolutionProperties) = preSolution
		HideSolutionNode = FALSE
	EndGlobalSection
	GlobalSection(ExtensibilityGlobals) = postSolution
		SolutionGuid = {397EF4DC-B261-4626-AF61-BB9F1E9B1644}
	EndGlobalSection
EndGlobal
